
Microsoft Visual Studio Solution File, Format Version 12.00
# Visual Studio Version 17
VisualStudioVersion = 17.7.34202.233
MinimumVisualStudioVersion = 10.0.40219.1
Project("{9A19103F-16F7-4668-BE54-9A1E7A4F7556}") = "CLIParserTest", "CLIParserTest\CLIParserTest.csproj", "{3EF594CC-5450-45D3-BAB0-07D4B11C4872}"
EndProject
Project("{9A19103F-16F7-4668-BE54-9A1E7A4F7556}") = "CLIParser", "..\src\net\CLIParser\CLIParser.csproj", "{A235BF90-1C9A-491C-B39A-E6E4386CB2A8}"
EndProject
Global
	GlobalSection(SolutionConfigurationPlatforms) = preSolution
		Debug|Any CPU = Debug|Any CPU
		Release|Any CPU = Release|Any CPU
	EndGlobalSection
	GlobalSection(ProjectConfigurationPlatforms) = postSolution
		{3EF594CC-5450-45D3-BAB0-07D4B11C4872}.Debug|Any CPU.ActiveCfg = Debug|Any CPU
		{3EF594CC-5450-45D3-BAB0-07D4B11C4872}.Debug|Any CPU.Build.0 = Debug|Any CPU
		{3EF594CC-5450-45D3-BAB0-07D4B11C4872}.Release|Any CPU.ActiveCfg = Release|Any CPU
		{3EF594CC-5450-45D3-BAB0-07D4B11C4872}.Release|Any CPU.Build.0 = Release|Any CPU
		{A235BF90-1C9A-491C-B39A-E6E4386CB2A8}.Debug|Any CPU.ActiveCfg = Debug|Any CPU
		{A235BF90-1C9A-491C-B39A-E6E4386CB2A8}.Debug|Any CPU.Build.0 = Debug|Any CPU
		{A235BF90-1C9A-491C-B39A-E6E4386CB2A8}.Release|Any CPU.ActiveCfg = Release|Any CPU
		{A235BF90-1C9A-491C-B39A-E6E4386CB2A8}.Release|Any CPU.Build.0 = Release|Any CPU
	EndGlobalSection
	GlobalSection(SolutionProperties) = preSolution
		HideSolutionNode = FALSE
	EndGlobalSection
	GlobalSection(ExtensibilityGlobals) = postSolution
		SolutionGuid = {0A7C16DC-1BAA-44BC-AA1C-D40B7B61878E}
	EndGlobalSection
EndGlobal
